
Microsoft Visual Studio Solution File, Format Version 12.00
# Visual Studio Version 17
VisualStudioVersion = 17.5.33516.290
MinimumVisualStudioVersion = 10.0.40219.1
Project("{F184B08F-C81C-45F6-A57F-5ABD9991F28F}") = "Chapter8 Arrays", "Chapter8 Arrays\Chapter8 Arrays.vbproj", "{90E8A9D4-C589-4D5D-94BF-88FD1BD9D90C}"
EndProject
Global
	GlobalSection(SolutionConfigurationPlatforms) = preSolution
		Debug|Any CPU = Debug|Any CPU
		Release|Any CPU = Release|Any CPU
	EndGlobalSection
	GlobalSection(ProjectConfigurationPlatforms) = postSolution
		{90E8A9D4-C589-4D5D-94BF-88FD1BD9D90C}.Debug|Any CPU.ActiveCfg = Debug|Any CPU
		{90E8A9D4-C589-4D5D-94BF-88FD1BD9D90C}.Debug|Any CPU.Build.0 = Debug|Any CPU
		{90E8A9D4-C589-4D5D-94BF-88FD1BD9D90C}.Release|Any CPU.ActiveCfg = Release|Any CPU
		{90E8A9D4-C589-4D5D-94BF-88FD1BD9D90C}.Release|Any CPU.Build.0 = Release|Any CPU
	EndGlobalSection
	GlobalSection(SolutionProperties) = preSolution
		HideSolutionNode = FALSE
	EndGlobalSection
	GlobalSection(ExtensibilityGlobals) = postSolution
		SolutionGuid = {119FD72A-0396-474A-8D7E-47EB0EE02B75}
	EndGlobalSection
EndGlobal
